
Microsoft Visual Studio Solution File, Format Version 12.00
# Visual Studio Version 16
VisualStudioVersion = 16.0.31702.278
MinimumVisualStudioVersion = 10.0.40219.1
Project("{FAE04EC0-301F-11D3-BF4B-00C04F79EFBC}") = "Binary stuff", "Binary stuff\Binary stuff.csproj", "{5F640289-2A44-4207-B626-D6E992860151}"
EndProject
Global
	GlobalSection(SolutionConfigurationPlatforms) = preSolution
		Debug|Any CPU = Debug|Any CPU
		Release|Any CPU = Release|Any CPU
	EndGlobalSection
	GlobalSection(ProjectConfigurationPlatforms) = postSolution
		{5F640289-2A44-4207-B626-D6E992860151}.Debug|Any CPU.ActiveCfg = Debug|Any CPU
		{5F640289-2A44-4207-B626-D6E992860151}.Debug|Any CPU.Build.0 = Debug|Any CPU
		{5F640289-2A44-4207-B626-D6E992860151}.Release|Any CPU.ActiveCfg = Release|Any CPU
		{5F640289-2A44-4207-B626-D6E992860151}.Release|Any CPU.Build.0 = Release|Any CPU
	EndGlobalSection
	GlobalSection(SolutionProperties) = preSolution
		HideSolutionNode = FALSE
	EndGlobalSection
	GlobalSection(ExtensibilityGlobals) = postSolution
		SolutionGuid = {5949099F-C504-4506-AA10-B9973CAF7DA2}
	EndGlobalSection
EndGlobal
